// !$*UTF8*$!
{
	archiveVersion = 1;
	classes = {
	};
	objectVersion = 46;
	objects = {

/* Begin PBXBuildFile section */
		C4EEBCAC1C4571F100B13D7B /* main.m in Sources */ = {isa = PBXBuildFile; fileRef = C4EEBCAB1C4571F100B13D7B /* main.m */; };
		C4EEBCAF1C4571F100B13D7B /* AppDelegate.m in Sources */ = {isa = PBXBuildFile; fileRef = C4EEBCAE1C4571F100B13D7B /* AppDelegate.m */; };
		C4EEBCB71C4571F100B13D7B /* Assets.xcassets in Resources */ = {isa = PBXBuildFile; fileRef = C4EEBCB61C4571F100B13D7B /* Assets.xcassets */; };
		C4EEBCBA1C4571F100B13D7B /* LaunchScreen.storyboard in Resources */ = {isa = PBXBuildFile; fileRef = C4EEBCB81C4571F100B13D7B /* LaunchScreen.storyboard */; };
		C4EEBCC51C4571F100B13D7B /* Lesson19Tests.m in Sources */ = {isa = PBXBuildFile; fileRef = C4EEBCC41C4571F100B13D7B /* Lesson19Tests.m */; };
		C4EEBCD01C4571F100B13D7B /* Lesson19UITests.m in Sources */ = {isa = PBXBuildFile; fileRef = C4EEBCCF1C4571F100B13D7B /* Lesson19UITests.m */; };
		C4EEBCE61C458A1C00B13D7B /* TableViewController.m in Sources */ = {isa = PBXBuildFile; fileRef = C4EEBCE51C458A1C00B13D7B /* TableViewController.m */; };
		C4EEBCE91C458A2400B13D7B /* Main.storyboard in Resources */ = {isa = PBXBuildFile; fileRef = C4EEBCE71C458A2400B13D7B /* Main.storyboard */; };
		C4EFF7031C4973E500739B21 /* TestTableViewController.m in Sources */ = {isa = PBXBuildFile; fileRef = C4EFF7021C4973E500739B21 /* TestTableViewController.m */; };
		C4EFF7061C49769E00739B21 /* MyTableViewCell.m in Sources */ = {isa = PBXBuildFile; fileRef = C4EFF7051C49769E00739B21 /* MyTableViewCell.m */; };
/* End PBXBuildFile section */

/* Begin PBXContainerItemProxy section */
		C4EEBCC11C4571F100B13D7B /* PBXContainerItemProxy */ = {
			isa = PBXContainerItemProxy;
			containerPortal = C4EEBC9F1C4571F100B13D7B /* Project object */;
			proxyType = 1;
			remoteGlobalIDString = C4EEBCA61C4571F100B13D7B;
			remoteInfo = Lesson19;
		};
		C4EEBCCC1C4571F100B13D7B /* PBXContainerItemProxy */ = {
			isa = PBXContainerItemProxy;
			containerPortal = C4EEBC9F1C4571F100B13D7B /* Project object */;
			proxyType = 1;
			remoteGlobalIDString = C4EEBCA61C4571F100B13D7B;
			remoteInfo = Lesson19;
		};
/* End PBXContainerItemProxy section */

/* Begin PBXFileReference section */
		C4EEBCA71C4571F100B13D7B /* Lesson19.app */ = {isa = PBXFileReference; explicitFileType = wrapper.application; includeInIndex = 0; path = Lesson19.app; sourceTree = BUILT_PRODUCTS_DIR; };
		C4EEBCAB1C4571F100B13D7B /* main.m */ = {isa = PBXFileReference; lastKnownFileType = sourcecode.c.objc; path = main.m; sourceTree = "<group>"; };
		C4EEBCAD1C4571F100B13D7B /* AppDelegate.h */ = {isa = PBXFileReference; lastKnownFileType = sourcecode.c.h; path = AppDelegate.h; sourceTree = "<group>"; };
		C4EEBCAE1C4571F100B13D7B /* AppDelegate.m */ = {isa = PBXFileReference; lastKnownFileType = sourcecode.c.objc; path = AppDelegate.m; sourceTree = "<group>"; };
		C4EEBCB61C4571F100B13D7B /* Assets.xcassets */ = {isa = PBXFileReference; lastKnownFileType = folder.assetcatalog; path = Assets.xcassets; sourceTree = "<group>"; };
		C4EEBCB91C4571F100B13D7B /* Base */ = {isa = PBXFileReference; lastKnownFileType = file.storyboard; name = Base; path = Base.lproj/LaunchScreen.storyboard; sourceTree = "<group>"; };
		C4EEBCBB1C4571F100B13D7B /* Info.plist */ = {isa = PBXFileReference; lastKnownFileType = text.plist.xml; path = Info.plist; sourceTree = "<group>"; };
		C4EEBCC01C4571F100B13D7B /* Lesson19Tests.xctest */ = {isa = PBXFileReference; explicitFileType = wrapper.cfbundle; includeInIndex = 0; path = Lesson19Tests.xctest; sourceTree = BUILT_PRODUCTS_DIR; };
		C4EEBCC41C4571F100B13D7B /* Lesson19Tests.m */ = {isa = PBXFileReference; lastKnownFileType = sourcecode.c.objc; path = Lesson19Tests.m; sourceTree = "<group>"; };
		C4EEBCC61C4571F100B13D7B /* Info.plist */ = {isa = PBXFileReference; lastKnownFileType = text.plist.xml; path = Info.plist; sourceTree = "<group>"; };
		C4EEBCCB1C4571F100B13D7B /* Lesson19UITests.xctest */ = {isa = PBXFileReference; explicitFileType = wrapper.cfbundle; includeInIndex = 0; path = Lesson19UITests.xctest; sourceTree = BUILT_PRODUCTS_DIR; };
		C4EEBCCF1C4571F100B13D7B /* Lesson19UITests.m */ = {isa = PBXFileReference; lastKnownFileType = sourcecode.c.objc; path = Lesson19UITests.m; sourceTree = "<group>"; };
		C4EEBCD11C4571F100B13D7B /* Info.plist */ = {isa = PBXFileReference; lastKnownFileType = text.plist.xml; path = Info.plist; sourceTree = "<group>"; };
		C4EEBCE41C458A1C00B13D7B /* TableViewController.h */ = {isa = PBXFileReference; fileEncoding = 4; lastKnownFileType = sourcecode.c.h; path = TableViewController.h; sourceTree = "<group>"; };
		C4EEBCE51C458A1C00B13D7B /* TableViewController.m */ = {isa = PBXFileReference; fileEncoding = 4; lastKnownFileType = sourcecode.c.objc; path = TableViewController.m; sourceTree = "<group>"; };
		C4EEBCE81C458A2400B13D7B /* Base */ = {isa = PBXFileReference; lastKnownFileType = file.storyboard; name = Base; path = Base.lproj/Main.storyboard; sourceTree = "<group>"; };
		C4EFF7011C4973E500739B21 /* TestTableViewController.h */ = {isa = PBXFileReference; fileEncoding = 4; lastKnownFileType = sourcecode.c.h; path = TestTableViewController.h; sourceTree = "<group>"; };
		C4EFF7021C4973E500739B21 /* TestTableViewController.m */ = {isa = PBXFileReference; fileEncoding = 4; lastKnownFileType = sourcecode.c.objc; path = TestTableViewController.m; sourceTree = "<group>"; };
		C4EFF7041C49769E00739B21 /* MyTableViewCell.h */ = {isa = PBXFileReference; fileEncoding = 4; lastKnownFileType = sourcecode.c.h; path = MyTableViewCell.h; sourceTree = "<group>"; };
		C4EFF7051C49769E00739B21 /* MyTableViewCell.m */ = {isa = PBXFileReference; fileEncoding = 4; lastKnownFileType = sourcecode.c.objc; path = MyTableViewCell.m; sourceTree = "<group>"; };
/* End PBXFileReference section */

/* Begin PBXFrameworksBuildPhase section */
		C4EEBCA41C4571F100B13D7B /* Frameworks */ = {
			isa = PBXFrameworksBuildPhase;
			buildActionMask = 2147483647;
			files = (
			);
			runOnlyForDeploymentPostprocessing = 0;
		};
		C4EEBCBD1C4571F100B13D7B /* Frameworks */ = {
			isa = PBXFrameworksBuildPhase;
			buildActionMask = 2147483647;
			files = (
			);
			runOnlyForDeploymentPostprocessing = 0;
		};
		C4EEBCC81C4571F100B13D7B /* Frameworks */ = {
			isa = PBXFrameworksBuildPhase;
			buildActionMask = 2147483647;
			files = (
			);
			runOnlyForDeploymentPostprocessing = 0;
		};
/* End PBXFrameworksBuildPhase section */

/* Begin PBXGroup section */
		C4EEBC9E1C4571F100B13D7B = {
			isa = PBXGroup;
			children = (
				C4EEBCA91C4571F100B13D7B /* Lesson19 */,
				C4EEBCC31C4571F100B13D7B /* Lesson19Tests */,
				C4EEBCCE1C4571F100B13D7B /* Lesson19UITests */,
				C4EEBCA81C4571F100B13D7B /* Products */,
			);
			sourceTree = "<group>";
		};
		C4EEBCA81C4571F100B13D7B /* Products */ = {
			isa = PBXGroup;
			children = (
				C4EEBCA71C4571F100B13D7B /* Lesson19.app */,
				C4EEBCC01C4571F100B13D7B /* Lesson19Tests.xctest */,
				C4EEBCCB1C4571F100B13D7B /* Lesson19UITests.xctest */,
			);
			name = Products;
			sourceTree = "<group>";
		};
		C4EEBCA91C4571F100B13D7B /* Lesson19 */ = {
			isa = PBXGroup;
			children = (
				C4EEBCAD1C4571F100B13D7B /* AppDelegate.h */,
				C4EEBCAE1C4571F100B13D7B /* AppDelegate.m */,
				C4EEBCE41C458A1C00B13D7B /* TableViewController.h */,
				C4EEBCE51C458A1C00B13D7B /* TableViewController.m */,
				C4EFF7011C4973E500739B21 /* TestTableViewController.h */,
				C4EFF7021C4973E500739B21 /* TestTableViewController.m */,
				C4EFF7041C49769E00739B21 /* MyTableViewCell.h */,
				C4EFF7051C49769E00739B21 /* MyTableViewCell.m */,
				C4EEBCE71C458A2400B13D7B /* Main.storyboard */,
				C4EEBCB61C4571F100B13D7B /* Assets.xcassets */,
				C4EEBCB81C4571F100B13D7B /* LaunchScreen.storyboard */,
				C4EEBCBB1C4571F100B13D7B /* Info.plist */,
				C4EEBCAA1C4571F100B13D7B /* Supporting Files */,
			);
			path = Lesson19;
			sourceTree = "<group>";
		};
		C4EEBCAA1C4571F100B13D7B /* Supporting Files */ = {
			isa = PBXGroup;
			children = (
				C4EEBCAB1C4571F100B13D7B /* main.m */,
			);
			name = "Supporting Files";
			sourceTree = "<group>";
		};
		C4EEBCC31C4571F100B13D7B /* Lesson19Tests */ = {
			isa = PBXGroup;
			children = (
				C4EEBCC41C4571F100B13D7B /* Lesson19Tests.m */,
				C4EEBCC61C4571F100B13D7B /* Info.plist */,
			);
			path = Lesson19Tests;
			sourceTree = "<group>";
		};
		C4EEBCCE1C4571F100B13D7B /* Lesson19UITests */ = {
			isa = PBXGroup;
			children = (
				C4EEBCCF1C4571F100B13D7B /* Lesson19UITests.m */,
				C4EEBCD11C4571F100B13D7B /* Info.plist */,
			);
			path = Lesson19UITests;
			sourceTree = "<group>";
		};
/* End PBXGroup section */

/* Begin PBXNativeTarget section */
		C4EEBCA61C4571F100B13D7B /* Lesson19 */ = {
			isa = PBXNativeTarget;
			buildConfigurationList = C4EEBCD41C4571F100B13D7B /* Build configuration list for PBXNativeTarget "Lesson19" */;
			buildPhases = (
				C4EEBCA31C4571F100B13D7B /* Sources */,
				C4EEBCA41C4571F100B13D7B /* Frameworks */,
				C4EEBCA51C4571F100B13D7B /* Resources */,
			);
			buildRules = (
			);
			dependencies = (
			);
			name = Lesson19;
			productName = Lesson19;
			productReference = C4EEBCA71C4571F100B13D7B /* Lesson19.app */;
			productType = "com.apple.product-type.application";
		};
		C4EEBCBF1C4571F100B13D7B /* Lesson19Tests */ = {
			isa = PBXNativeTarget;
			buildConfigurationList = C4EEBCD71C4571F100B13D7B /* Build configuration list for PBXNativeTarget "Lesson19Tests" */;
			buildPhases = (
				C4EEBCBC1C4571F100B13D7B /* Sources */,
				C4EEBCBD1C4571F100B13D7B /* Frameworks */,
				C4EEBCBE1C4571F100B13D7B /* Resources */,
			);
			buildRules = (
			);
			dependencies = (
				C4EEBCC21C4571F100B13D7B /* PBXTargetDependency */,
			);
			name = Lesson19Tests;
			productName = Lesson19Tests;
			productReference = C4EEBCC01C4571F100B13D7B /* Lesson19Tests.xctest */;
			productType = "com.apple.product-type.bundle.unit-test";
		};
		C4EEBCCA1C4571F100B13D7B /* Lesson19UITests */ = {
			isa = PBXNativeTarget;
			buildConfigurationList = C4EEBCDA1C4571F100B13D7B /* Build configuration list for PBXNativeTarget "Lesson19UITests" */;
			buildPhases = (
				C4EEBCC71C4571F100B13D7B /* Sources */,
				C4EEBCC81C4571F100B13D7B /* Frameworks */,
				C4EEBCC91C4571F100B13D7B /* Resources */,
			);
			buildRules = (
			);
			dependencies = (
				C4EEBCCD1C4571F100B13D7B /* PBXTargetDependency */,
			);
			name = Lesson19UITests;
			productName = Lesson19UITests;
			productReference = C4EEBCCB1C4571F100B13D7B /* Lesson19UITests.xctest */;
			productType = "com.apple.product-type.bundle.ui-testing";
		};
/* End PBXNativeTarget section */

/* Begin PBXProject section */
		C4EEBC9F1C4571F100B13D7B /* Project object */ = {
			isa = PBXProject;
			attributes = {
				LastUpgradeCheck = 0720;
				TargetAttributes = {
					C4EEBCA61C4571F100B13D7B = {
						CreatedOnToolsVersion = 7.2;
					};
					C4EEBCBF1C4571F100B13D7B = {
						CreatedOnToolsVersion = 7.2;
						TestTargetID = C4EEBCA61C4571F100B13D7B;
					};
					C4EEBCCA1C4571F100B13D7B = {
						CreatedOnToolsVersion = 7.2;
						TestTargetID = C4EEBCA61C4571F100B13D7B;
					};
				};
			};
			buildConfigurationList = C4EEBCA21C4571F100B13D7B /* Build configuration list for PBXProject "Lesson19" */;
			compatibilityVersion = "Xcode 3.2";
			developmentRegion = English;
			hasScannedForEncodings = 0;
			knownRegions = (
				en,
				Base,
			);
			mainGroup = C4EEBC9E1C4571F100B13D7B;
			productRefGroup = C4EEBCA81C4571F100B13D7B /* Products */;
			projectDirPath = "";
			projectRoot = "";
			targets = (
				C4EEBCA61C4571F100B13D7B /* Lesson19 */,
				C4EEBCBF1C4571F100B13D7B /* Lesson19Tests */,
				C4EEBCCA1C4571F100B13D7B /* Lesson19UITests */,
			);
		};
/* End PBXProject section */

/* Begin PBXResourcesBuildPhase section */
		C4EEBCA51C4571F100B13D7B /* Resources */ = {
			isa = PBXResourcesBuildPhase;
			buildActionMask = 2147483647;
			files = (
				C4EEBCE91C458A2400B13D7B /* Main.storyboard in Resources */,
				C4EEBCBA1C4571F100B13D7B /* LaunchScreen.storyboard in Resources */,
				C4EEBCB71C4571F100B13D7B /* Assets.xcassets in Resources */,
			);
			runOnlyForDeploymentPostprocessing = 0;
		};
		C4EEBCBE1C4571F100B13D7B /* Resources */ = {
			isa = PBXResourcesBuildPhase;
			buildActionMask = 2147483647;
			files = (
			);
			runOnlyForDeploymentPostprocessing = 0;
		};
		C4EEBCC91C4571F100B13D7B /* Resources */ = {
			isa = PBXResourcesBuildPhase;
			buildActionMask = 2147483647;
			files = (
			);
			runOnlyForDeploymentPostprocessing = 0;
		};
/* End PBXResourcesBuildPhase section */

/* Begin PBXSourcesBuildPhase section */
		C4EEBCA31C4571F100B13D7B /* Sources */ = {
			isa = PBXSourcesBuildPhase;
			buildActionMask = 2147483647;
			files = (
				C4EEBCAF1C4571F100B13D7B /* AppDelegate.m in Sources */,
				C4EEBCE61C458A1C00B13D7B /* TableViewController.m in Sources */,
				C4EEBCAC1C4571F100B13D7B /* main.m in Sources */,
				C4EFF7031C4973E500739B21 /* TestTableViewController.m in Sources */,
				C4EFF7061C49769E00739B21 /* MyTableViewCell.m in Sources */,
			);
			runOnlyForDeploymentPostprocessing = 0;
		};
		C4EEBCBC1C4571F100B13D7B /* Sources */ = {
			isa = PBXSourcesBuildPhase;
			buildActionMask = 2147483647;
			files = (
				C4EEBCC51C4571F100B13D7B /* Lesson19Tests.m in Sources */,
			);
			runOnlyForDeploymentPostprocessing = 0;
		};
		C4EEBCC71C4571F100B13D7B /* Sources */ = {
			isa = PBXSourcesBuildPhase;
			buildActionMask = 2147483647;
			files = (
				C4EEBCD01C4571F100B13D7B /* Lesson19UITests.m in Sources */,
			);
			runOnlyForDeploymentPostprocessing = 0;
		};
/* End PBXSourcesBuildPhase section */

/* Begin PBXTargetDependency section */
		C4EEBCC21C4571F100B13D7B /* PBXTargetDependency */ = {
			isa = PBXTargetDependency;
			target = C4EEBCA61C4571F100B13D7B /* Lesson19 */;
			targetProxy = C4EEBCC11C4571F100B13D7B /* PBXContainerItemProxy */;
		};
		C4EEBCCD1C4571F100B13D7B /* PBXTargetDependency */ = {
			isa = PBXTargetDependency;
			target = C4EEBCA61C4571F100B13D7B /* Lesson19 */;
			targetProxy = C4EEBCCC1C4571F100B13D7B /* PBXContainerItemProxy */;
		};
/* End PBXTargetDependency section */

/* Begin PBXVariantGroup section */
		C4EEBCB81C4571F100B13D7B /* LaunchScreen.storyboard */ = {
			isa = PBXVariantGroup;
			children = (
				C4EEBCB91C4571F100B13D7B /* Base */,
			);
			name = LaunchScreen.storyboard;
			sourceTree = "<group>";
		};
		C4EEBCE71C458A2400B13D7B /* Main.storyboard */ = {
			isa = PBXVariantGroup;
			children = (
				C4EEBCE81C458A2400B13D7B /* Base */,
			);
			name = Main.storyboard;
			sourceTree = "<group>";
		};
/* End PBXVariantGroup section */

/* Begin XCBuildConfiguration section */
		C4EEBCD21C4571F100B13D7B /* Debug */ = {
			isa = XCBuildConfiguration;
			buildSettings = {
				ALWAYS_SEARCH_USER_PATHS = NO;
				CLANG_CXX_LANGUAGE_STANDARD = "gnu++0x";
				CLANG_CXX_LIBRARY = "libc++";
				CLANG_ENABLE_MODULES = YES;
				CLANG_ENABLE_OBJC_ARC = YES;
				CLANG_WARN_BOOL_CONVERSION = YES;
				CLANG_WARN_CONSTANT_CONVERSION = YES;
				CLANG_WARN_DIRECT_OBJC_ISA_USAGE = YES_ERROR;
				CLANG_WARN_EMPTY_BODY = YES;
				CLANG_WARN_ENUM_CONVERSION = YES;
				CLANG_WARN_INT_CONVERSION = YES;
				CLANG_WARN_OBJC_ROOT_CLASS = YES_ERROR;
				CLANG_WARN_UNREACHABLE_CODE = YES;
				CLANG_WARN__DUPLICATE_METHOD_MATCH = YES;
				"CODE_SIGN_IDENTITY[sdk=iphoneos*]" = "iPhone Developer";
				COPY_PHASE_STRIP = NO;
				DEBUG_INFORMATION_FORMAT = dwarf;
				ENABLE_STRICT_OBJC_MSGSEND = YES;
				ENABLE_TESTABILITY = YES;
				GCC_C_LANGUAGE_STANDARD = gnu99;
				GCC_DYNAMIC_NO_PIC = NO;
				GCC_NO_COMMON_BLOCKS = YES;
				GCC_OPTIMIZATION_LEVEL = 0;
				GCC_PREPROCESSOR_DEFINITIONS = (
					"DEBUG=1",
					"$(inherited)",
				);
				GCC_WARN_64_TO_32_BIT_CONVERSION = YES;
				GCC_WARN_ABOUT_RETURN_TYPE = YES_ERROR;
				GCC_WARN_UNDECLARED_SELECTOR = YES;
				GCC_WARN_UNINITIALIZED_AUTOS = YES_AGGRESSIVE;
				GCC_WARN_UNUSED_FUNCTION = YES;
				GCC_WARN_UNUSED_VARIABLE = YES;
				IPHONEOS_DEPLOYMENT_TARGET = 9.2;
				MTL_ENABLE_DEBUG_INFO = YES;
				ONLY_ACTIVE_ARCH = YES;
				SDKROOT = iphoneos;
				TARGETED_DEVICE_FAMILY = "1,2";
			};
			name = Debug;
		};
		C4EEBCD31C4571F100B13D7B /* Release */ = {
			isa = XCBuildConfiguration;
			buildSettings = {
				ALWAYS_SEARCH_USER_PATHS = NO;
				CLANG_CXX_LANGUAGE_STANDARD = "gnu++0x";
				CLANG_CXX_LIBRARY = "libc++";
				CLANG_ENABLE_MODULES = YES;
				CLANG_ENABLE_OBJC_ARC = YES;
				CLANG_WARN_BOOL_CONVERSION = YES;
				CLANG_WARN_CONSTANT_CONVERSION = YES;
				CLANG_WARN_DIRECT_OBJC_ISA_USAGE = YES_ERROR;
				CLANG_WARN_EMPTY_BODY = YES;
				CLANG_WARN_ENUM_CONVERSION = YES;
				CLANG_WARN_INT_CONVERSION = YES;
				CLANG_WARN_OBJC_ROOT_CLASS = YES_ERROR;
				CLANG_WARN_UNREACHABLE_CODE = YES;
				CLANG_WARN__DUPLICATE_METHOD_MATCH = YES;
				"CODE_SIGN_IDENTITY[sdk=iphoneos*]" = "iPhone Developer";
				COPY_PHASE_STRIP = NO;
				DEBUG_INFORMATION_FORMAT = "dwarf-with-dsym";
				ENABLE_NS_ASSERTIONS = NO;
				ENABLE_STRICT_OBJC_MSGSEND = YES;
				GCC_C_LANGUAGE_STANDARD = gnu99;
				GCC_NO_COMMON_BLOCKS = YES;
				GCC_WARN_64_TO_32_BIT_CONVERSION = YES;
				GCC_WARN_ABOUT_RETURN_TYPE = YES_ERROR;
				GCC_WARN_UNDECLARED_SELECTOR = YES;
				GCC_WARN_UNINITIALIZED_AUTOS = YES_AGGRESSIVE;
				GCC_WARN_UNUSED_FUNCTION = YES;
				GCC_WARN_UNUSED_VARIABLE = YES;
				IPHONEOS_DEPLOYMENT_TARGET = 9.2;
				MTL_ENABLE_DEBUG_INFO = NO;
				SDKROOT = iphoneos;
				TARGETED_DEVICE_FAMILY = "1,2";
				VALIDATE_PRODUCT = YES;
			};
			name = Release;
		};
		C4EEBCD51C4571F100B13D7B /* Debug */ = {
			isa = XCBuildConfiguration;
			buildSettings = {
				ASSETCATALOG_COMPILER_APPICON_NAME = AppIcon;
				INFOPLIST_FILE = Lesson19/Info.plist;
				LD_RUNPATH_SEARCH_PATHS = "$(inherited) @executable_path/Frameworks";
				PRODUCT_BUNDLE_IDENTIFIER = fess2036.Lesson19;
				PRODUCT_NAME = "$(TARGET_NAME)";
			};
			name = Debug;
		};
		C4EEBCD61C4571F100B13D7B /* Release */ = {
			isa = XCBuildConfiguration;
			buildSettings = {
				ASSETCATALOG_COMPILER_APPICON_NAME = AppIcon;
				INFOPLIST_FILE = Lesson19/Info.plist;
				LD_RUNPATH_SEARCH_PATHS = "$(inherited) @executable_path/Frameworks";
				PRODUCT_BUNDLE_IDENTIFIER = fess2036.Lesson19;
				PRODUCT_NAME = "$(TARGET_NAME)";
			};
			name = Release;
		};
		C4EEBCD81C4571F100B13D7B /* Debug */ = {
			isa = XCBuildConfiguration;
			buildSettings = {
				BUNDLE_LOADER = "$(TEST_HOST)";
				INFOPLIST_FILE = Lesson19Tests/Info.plist;
				LD_RUNPATH_SEARCH_PATHS = "$(inherited) @executable_path/Frameworks @loader_path/Frameworks";
				PRODUCT_BUNDLE_IDENTIFIER = fess2036.Lesson19Tests;
				PRODUCT_NAME = "$(TARGET_NAME)";
				TEST_HOST = "$(BUILT_PRODUCTS_DIR)/Lesson19.app/Lesson19";
			};
			name = Debug;
		};
		C4EEBCD91C4571F100B13D7B /* Release */ = {
			isa = XCBuildConfiguration;
			buildSettings = {
				BUNDLE_LOADER = "$(TEST_HOST)";
				INFOPLIST_FILE = Lesson19Tests/Info.plist;
				LD_RUNPATH_SEARCH_PATHS = "$(inherited) @executable_path/Frameworks @loader_path/Frameworks";
				PRODUCT_BUNDLE_IDENTIFIER = fess2036.Lesson19Tests;
				PRODUCT_NAME = "$(TARGET_NAME)";
				TEST_HOST = "$(BUILT_PRODUCTS_DIR)/Lesson19.app/Lesson19";
			};
			name = Release;
		};
		C4EEBCDB1C4571F100B13D7B /* Debug */ = {
			isa = XCBuildConfiguration;
			buildSettings = {
				INFOPLIST_FILE = Lesson19UITests/Info.plist;
				LD_RUNPATH_SEARCH_PATHS = "$(inherited) @executable_path/Frameworks @loader_path/Frameworks";
				PRODUCT_BUNDLE_IDENTIFIER = fess2036.Lesson19UITests;
				PRODUCT_NAME = "$(TARGET_NAME)";
				TEST_TARGET_NAME = Lesson19;
				USES_XCTRUNNER = YES;
			};
			name = Debug;
		};
		C4EEBCDC1C4571F100B13D7B /* Release */ = {
			isa = XCBuildConfiguration;
			buildSettings = {
				INFOPLIST_FILE = Lesson19UITests/Info.plist;
				LD_RUNPATH_SEARCH_PATHS = "$(inherited) @executable_path/Frameworks @loader_path/Frameworks";
				PRODUCT_BUNDLE_IDENTIFIER = fess2036.Lesson19UITests;
				PRODUCT_NAME = "$(TARGET_NAME)";
				TEST_TARGET_NAME = Lesson19;
				USES_XCTRUNNER = YES;
			};
			name = Release;
		};
/* End XCBuildConfiguration section */

/* Begin XCConfigurationList section */
		C4EEBCA21C4571F100B13D7B /* Build configuration list for PBXProject "Lesson19" */ = {
			isa = XCConfigurationList;
			buildConfigurations = (
				C4EEBCD21C4571F100B13D7B /* Debug */,
				C4EEBCD31C4571F100B13D7B /* Release */,
			);
			defaultConfigurationIsVisible = 0;
			defaultConfigurationName = Release;
		};
		C4EEBCD41C4571F100B13D7B /* Build configuration list for PBXNativeTarget "Lesson19" */ = {
			isa = XCConfigurationList;
			buildConfigurations = (
				C4EEBCD51C4571F100B13D7B /* Debug */,
				C4EEBCD61C4571F100B13D7B /* Release */,
			);
			defaultConfigurationIsVisible = 0;
			defaultConfigurationName = Release;
		};
		C4EEBCD71C4571F100B13D7B /* Build configuration list for PBXNativeTarget "Lesson19Tests" */ = {
			isa = XCConfigurationList;
			buildConfigurations = (
				C4EEBCD81C4571F100B13D7B /* Debug */,
				C4EEBCD91C4571F100B13D7B /* Release */,
			);
			defaultConfigurationIsVisible = 0;
			defaultConfigurationName = Release;
		};
		C4EEBCDA1C4571F100B13D7B /* Build configuration list for PBXNativeTarget "Lesson19UITests" */ = {
			isa = XCConfigurationList;
			buildConfigurations = (
				C4EEBCDB1C4571F100B13D7B /* Debug */,
				C4EEBCDC1C4571F100B13D7B /* Release */,
			);
			defaultConfigurationIsVisible = 0;
			defaultConfigurationName = Release;
		};
/* End XCConfigurationList section */
	};
	rootObject = C4EEBC9F1C4571F100B13D7B /* Project object */;
}
