// !$*UTF8*$!
{
	archiveVersion = 1;
	classes = {
	};
	objectVersion = 46;
	objects = {

/* Begin PBXBuildFile section */
		C40F5C1C1C2084450020BBB2 /* MapKit.framework in Frameworks */ = {isa = PBXBuildFile; fileRef = C40F5C1B1C2084450020BBB2 /* MapKit.framework */; };
		C4891FEC1C247914000C4852 /* FBSDKCoreKit.framework in Frameworks */ = {isa = PBXBuildFile; fileRef = C4891FEA1C247914000C4852 /* FBSDKCoreKit.framework */; };
		C4891FED1C247914000C4852 /* FBSDKLoginKit.framework in Frameworks */ = {isa = PBXBuildFile; fileRef = C4891FEB1C247914000C4852 /* FBSDKLoginKit.framework */; };
		C49DEDBE1C13489600EA57CC /* main.m in Sources */ = {isa = PBXBuildFile; fileRef = C49DEDBD1C13489600EA57CC /* main.m */; };
		C49DEDC11C13489600EA57CC /* AppDelegate.m in Sources */ = {isa = PBXBuildFile; fileRef = C49DEDC01C13489600EA57CC /* AppDelegate.m */; };
		C49DEDC71C13489600EA57CC /* Main.storyboard in Resources */ = {isa = PBXBuildFile; fileRef = C49DEDC51C13489600EA57CC /* Main.storyboard */; };
		C49DEDCC1C13489600EA57CC /* Assets.xcassets in Resources */ = {isa = PBXBuildFile; fileRef = C49DEDCB1C13489600EA57CC /* Assets.xcassets */; };
		C49DEDCF1C13489600EA57CC /* LaunchScreen.storyboard in Resources */ = {isa = PBXBuildFile; fileRef = C49DEDCD1C13489600EA57CC /* LaunchScreen.storyboard */; };
		C49DEDDA1C13489600EA57CC /* FirstGroupTests.m in Sources */ = {isa = PBXBuildFile; fileRef = C49DEDD91C13489600EA57CC /* FirstGroupTests.m */; };
		C49DEDE51C13489600EA57CC /* FirstGroupUITests.m in Sources */ = {isa = PBXBuildFile; fileRef = C49DEDE41C13489600EA57CC /* FirstGroupUITests.m */; };
		C4EB9F861C29DA63007368E6 /* FirstGroup.xcdatamodeld in Sources */ = {isa = PBXBuildFile; fileRef = C4EB9F841C29DA63007368E6 /* FirstGroup.xcdatamodeld */; };
		C4EB9F891C29DA86007368E6 /* FGPCoreDataManager.m in Sources */ = {isa = PBXBuildFile; fileRef = C4EB9F881C29DA86007368E6 /* FGPCoreDataManager.m */; };
		C4EB9F961C29DC3B007368E6 /* FGPKnower.m in Sources */ = {isa = PBXBuildFile; fileRef = C4EB9F8C1C29DC3B007368E6 /* FGPKnower.m */; };
		C4EB9F971C29DC3B007368E6 /* FGPMovie.m in Sources */ = {isa = PBXBuildFile; fileRef = C4EB9F8E1C29DC3B007368E6 /* FGPMovie.m */; };
		C4EB9F981C29DC3B007368E6 /* FGPFacebookViewController.m in Sources */ = {isa = PBXBuildFile; fileRef = C4EB9F911C29DC3B007368E6 /* FGPFacebookViewController.m */; };
		C4EB9F991C29DC3B007368E6 /* FGPFindWeatherViewController.m in Sources */ = {isa = PBXBuildFile; fileRef = C4EB9F931C29DC3B007368E6 /* FGPFindWeatherViewController.m */; };
		C4EB9F9A1C29DC3B007368E6 /* FGPMapViewController.m in Sources */ = {isa = PBXBuildFile; fileRef = C4EB9F951C29DC3B007368E6 /* FGPMapViewController.m */; };
		C4EB9FA01C29DEBB007368E6 /* FGPCoreDataTableViewController.m in Sources */ = {isa = PBXBuildFile; fileRef = C4EB9F9F1C29DEBB007368E6 /* FGPCoreDataTableViewController.m */; };
		C4EB9FA51C29DF25007368E6 /* Person+CoreDataProperties.m in Sources */ = {isa = PBXBuildFile; fileRef = C4EB9FA21C29DF25007368E6 /* Person+CoreDataProperties.m */; };
		C4EB9FA61C29DF25007368E6 /* Person.m in Sources */ = {isa = PBXBuildFile; fileRef = C4EB9FA41C29DF25007368E6 /* Person.m */; };
/* End PBXBuildFile section */

/* Begin PBXContainerItemProxy section */
		C49DEDD61C13489600EA57CC /* PBXContainerItemProxy */ = {
			isa = PBXContainerItemProxy;
			containerPortal = C49DEDB11C13489600EA57CC /* Project object */;
			proxyType = 1;
			remoteGlobalIDString = C49DEDB81C13489600EA57CC;
			remoteInfo = FirstGroup;
		};
		C49DEDE11C13489600EA57CC /* PBXContainerItemProxy */ = {
			isa = PBXContainerItemProxy;
			containerPortal = C49DEDB11C13489600EA57CC /* Project object */;
			proxyType = 1;
			remoteGlobalIDString = C49DEDB81C13489600EA57CC;
			remoteInfo = FirstGroup;
		};
/* End PBXContainerItemProxy section */

/* Begin PBXFileReference section */
		C40F5C1B1C2084450020BBB2 /* MapKit.framework */ = {isa = PBXFileReference; lastKnownFileType = wrapper.framework; name = MapKit.framework; path = System/Library/Frameworks/MapKit.framework; sourceTree = SDKROOT; };
		C4891FEA1C247914000C4852 /* FBSDKCoreKit.framework */ = {isa = PBXFileReference; lastKnownFileType = wrapper.framework; path = FBSDKCoreKit.framework; sourceTree = "<group>"; };
		C4891FEB1C247914000C4852 /* FBSDKLoginKit.framework */ = {isa = PBXFileReference; lastKnownFileType = wrapper.framework; path = FBSDKLoginKit.framework; sourceTree = "<group>"; };
		C49DEDB91C13489600EA57CC /* FirstGroup.app */ = {isa = PBXFileReference; explicitFileType = wrapper.application; includeInIndex = 0; path = FirstGroup.app; sourceTree = BUILT_PRODUCTS_DIR; };
		C49DEDBD1C13489600EA57CC /* main.m */ = {isa = PBXFileReference; lastKnownFileType = sourcecode.c.objc; path = main.m; sourceTree = "<group>"; };
		C49DEDBF1C13489600EA57CC /* AppDelegate.h */ = {isa = PBXFileReference; lastKnownFileType = sourcecode.c.h; path = AppDelegate.h; sourceTree = "<group>"; };
		C49DEDC01C13489600EA57CC /* AppDelegate.m */ = {isa = PBXFileReference; lastKnownFileType = sourcecode.c.objc; path = AppDelegate.m; sourceTree = "<group>"; };
		C49DEDC61C13489600EA57CC /* Base */ = {isa = PBXFileReference; lastKnownFileType = file.storyboard; name = Base; path = Base.lproj/Main.storyboard; sourceTree = "<group>"; };
		C49DEDCB1C13489600EA57CC /* Assets.xcassets */ = {isa = PBXFileReference; lastKnownFileType = folder.assetcatalog; path = Assets.xcassets; sourceTree = "<group>"; };
		C49DEDCE1C13489600EA57CC /* Base */ = {isa = PBXFileReference; lastKnownFileType = file.storyboard; name = Base; path = Base.lproj/LaunchScreen.storyboard; sourceTree = "<group>"; };
		C49DEDD01C13489600EA57CC /* Info.plist */ = {isa = PBXFileReference; lastKnownFileType = text.plist.xml; path = Info.plist; sourceTree = "<group>"; };
		C49DEDD51C13489600EA57CC /* FirstGroupTests.xctest */ = {isa = PBXFileReference; explicitFileType = wrapper.cfbundle; includeInIndex = 0; path = FirstGroupTests.xctest; sourceTree = BUILT_PRODUCTS_DIR; };
		C49DEDD91C13489600EA57CC /* FirstGroupTests.m */ = {isa = PBXFileReference; lastKnownFileType = sourcecode.c.objc; path = FirstGroupTests.m; sourceTree = "<group>"; };
		C49DEDDB1C13489600EA57CC /* Info.plist */ = {isa = PBXFileReference; lastKnownFileType = text.plist.xml; path = Info.plist; sourceTree = "<group>"; };
		C49DEDE01C13489600EA57CC /* FirstGroupUITests.xctest */ = {isa = PBXFileReference; explicitFileType = wrapper.cfbundle; includeInIndex = 0; path = FirstGroupUITests.xctest; sourceTree = BUILT_PRODUCTS_DIR; };
		C49DEDE41C13489600EA57CC /* FirstGroupUITests.m */ = {isa = PBXFileReference; lastKnownFileType = sourcecode.c.objc; path = FirstGroupUITests.m; sourceTree = "<group>"; };
		C49DEDE61C13489600EA57CC /* Info.plist */ = {isa = PBXFileReference; lastKnownFileType = text.plist.xml; path = Info.plist; sourceTree = "<group>"; };
		C4EB9F851C29DA63007368E6 /* FirstGroup.xcdatamodel */ = {isa = PBXFileReference; lastKnownFileType = wrapper.xcdatamodel; path = FirstGroup.xcdatamodel; sourceTree = "<group>"; };
		C4EB9F871C29DA86007368E6 /* FGPCoreDataManager.h */ = {isa = PBXFileReference; fileEncoding = 4; lastKnownFileType = sourcecode.c.h; path = FGPCoreDataManager.h; sourceTree = "<group>"; };
		C4EB9F881C29DA86007368E6 /* FGPCoreDataManager.m */ = {isa = PBXFileReference; fileEncoding = 4; lastKnownFileType = sourcecode.c.objc; path = FGPCoreDataManager.m; sourceTree = "<group>"; };
		C4EB9F8B1C29DC3B007368E6 /* FGPKnower.h */ = {isa = PBXFileReference; fileEncoding = 4; lastKnownFileType = sourcecode.c.h; path = FGPKnower.h; sourceTree = "<group>"; };
		C4EB9F8C1C29DC3B007368E6 /* FGPKnower.m */ = {isa = PBXFileReference; fileEncoding = 4; lastKnownFileType = sourcecode.c.objc; path = FGPKnower.m; sourceTree = "<group>"; };
		C4EB9F8D1C29DC3B007368E6 /* FGPMovie.h */ = {isa = PBXFileReference; fileEncoding = 4; lastKnownFileType = sourcecode.c.h; path = FGPMovie.h; sourceTree = "<group>"; };
		C4EB9F8E1C29DC3B007368E6 /* FGPMovie.m */ = {isa = PBXFileReference; fileEncoding = 4; lastKnownFileType = sourcecode.c.objc; path = FGPMovie.m; sourceTree = "<group>"; };
		C4EB9F901C29DC3B007368E6 /* FGPFacebookViewController.h */ = {isa = PBXFileReference; fileEncoding = 4; lastKnownFileType = sourcecode.c.h; path = FGPFacebookViewController.h; sourceTree = "<group>"; };
		C4EB9F911C29DC3B007368E6 /* FGPFacebookViewController.m */ = {isa = PBXFileReference; fileEncoding = 4; lastKnownFileType = sourcecode.c.objc; path = FGPFacebookViewController.m; sourceTree = "<group>"; };
		C4EB9F921C29DC3B007368E6 /* FGPFindWeatherViewController.h */ = {isa = PBXFileReference; fileEncoding = 4; lastKnownFileType = sourcecode.c.h; path = FGPFindWeatherViewController.h; sourceTree = "<group>"; };
		C4EB9F931C29DC3B007368E6 /* FGPFindWeatherViewController.m */ = {isa = PBXFileReference; fileEncoding = 4; lastKnownFileType = sourcecode.c.objc; path = FGPFindWeatherViewController.m; sourceTree = "<group>"; };
		C4EB9F941C29DC3B007368E6 /* FGPMapViewController.h */ = {isa = PBXFileReference; fileEncoding = 4; lastKnownFileType = sourcecode.c.h; path = FGPMapViewController.h; sourceTree = "<group>"; };
		C4EB9F951C29DC3B007368E6 /* FGPMapViewController.m */ = {isa = PBXFileReference; fileEncoding = 4; lastKnownFileType = sourcecode.c.objc; path = FGPMapViewController.m; sourceTree = "<group>"; };
		C4EB9F9E1C29DEBB007368E6 /* FGPCoreDataTableViewController.h */ = {isa = PBXFileReference; fileEncoding = 4; lastKnownFileType = sourcecode.c.h; path = FGPCoreDataTableViewController.h; sourceTree = "<group>"; };
		C4EB9F9F1C29DEBB007368E6 /* FGPCoreDataTableViewController.m */ = {isa = PBXFileReference; fileEncoding = 4; lastKnownFileType = sourcecode.c.objc; path = FGPCoreDataTableViewController.m; sourceTree = "<group>"; };
		C4EB9FA11C29DF25007368E6 /* Person+CoreDataProperties.h */ = {isa = PBXFileReference; fileEncoding = 4; lastKnownFileType = sourcecode.c.h; path = "Person+CoreDataProperties.h"; sourceTree = "<group>"; };
		C4EB9FA21C29DF25007368E6 /* Person+CoreDataProperties.m */ = {isa = PBXFileReference; fileEncoding = 4; lastKnownFileType = sourcecode.c.objc; path = "Person+CoreDataProperties.m"; sourceTree = "<group>"; };
		C4EB9FA31C29DF25007368E6 /* Person.h */ = {isa = PBXFileReference; fileEncoding = 4; lastKnownFileType = sourcecode.c.h; path = Person.h; sourceTree = "<group>"; };
		C4EB9FA41C29DF25007368E6 /* Person.m */ = {isa = PBXFileReference; fileEncoding = 4; lastKnownFileType = sourcecode.c.objc; path = Person.m; sourceTree = "<group>"; };
/* End PBXFileReference section */

/* Begin PBXFrameworksBuildPhase section */
		C49DEDB61C13489600EA57CC /* Frameworks */ = {
			isa = PBXFrameworksBuildPhase;
			buildActionMask = 2147483647;
			files = (
				C40F5C1C1C2084450020BBB2 /* MapKit.framework in Frameworks */,
				C4891FEC1C247914000C4852 /* FBSDKCoreKit.framework in Frameworks */,
				C4891FED1C247914000C4852 /* FBSDKLoginKit.framework in Frameworks */,
			);
			runOnlyForDeploymentPostprocessing = 0;
		};
		C49DEDD21C13489600EA57CC /* Frameworks */ = {
			isa = PBXFrameworksBuildPhase;
			buildActionMask = 2147483647;
			files = (
			);
			runOnlyForDeploymentPostprocessing = 0;
		};
		C49DEDDD1C13489600EA57CC /* Frameworks */ = {
			isa = PBXFrameworksBuildPhase;
			buildActionMask = 2147483647;
			files = (
			);
			runOnlyForDeploymentPostprocessing = 0;
		};
/* End PBXFrameworksBuildPhase section */

/* Begin PBXGroup section */
		C4891FE91C247914000C4852 /* Frameworks */ = {
			isa = PBXGroup;
			children = (
				C40F5C1B1C2084450020BBB2 /* MapKit.framework */,
				C4891FEA1C247914000C4852 /* FBSDKCoreKit.framework */,
				C4891FEB1C247914000C4852 /* FBSDKLoginKit.framework */,
			);
			name = Frameworks;
			path = FirstGroup/Frameworks;
			sourceTree = "<group>";
		};
		C49DEDB01C13489600EA57CC = {
			isa = PBXGroup;
			children = (
				C4891FE91C247914000C4852 /* Frameworks */,
				C49DEDBB1C13489600EA57CC /* FirstGroup */,
				C49DEDD81C13489600EA57CC /* FirstGroupTests */,
				C49DEDE31C13489600EA57CC /* FirstGroupUITests */,
				C49DEDBA1C13489600EA57CC /* Products */,
			);
			sourceTree = "<group>";
		};
		C49DEDBA1C13489600EA57CC /* Products */ = {
			isa = PBXGroup;
			children = (
				C49DEDB91C13489600EA57CC /* FirstGroup.app */,
				C49DEDD51C13489600EA57CC /* FirstGroupTests.xctest */,
				C49DEDE01C13489600EA57CC /* FirstGroupUITests.xctest */,
			);
			name = Products;
			sourceTree = "<group>";
		};
		C49DEDBB1C13489600EA57CC /* FirstGroup */ = {
			isa = PBXGroup;
			children = (
				C4EB9F8A1C29DC3B007368E6 /* Models */,
				C4EB9F8F1C29DC3B007368E6 /* ViewControllers */,
				C49DEDBF1C13489600EA57CC /* AppDelegate.h */,
				C49DEDC01C13489600EA57CC /* AppDelegate.m */,
				C4EB9FA11C29DF25007368E6 /* Person+CoreDataProperties.h */,
				C4EB9FA21C29DF25007368E6 /* Person+CoreDataProperties.m */,
				C4EB9FA31C29DF25007368E6 /* Person.h */,
				C4EB9FA41C29DF25007368E6 /* Person.m */,
				C49DEDC51C13489600EA57CC /* Main.storyboard */,
				C49DEDCB1C13489600EA57CC /* Assets.xcassets */,
				C49DEDCD1C13489600EA57CC /* LaunchScreen.storyboard */,
				C49DEDD01C13489600EA57CC /* Info.plist */,
				C49DEDBC1C13489600EA57CC /* Supporting Files */,
				C4EB9F841C29DA63007368E6 /* FirstGroup.xcdatamodeld */,
				C4EB9F871C29DA86007368E6 /* FGPCoreDataManager.h */,
				C4EB9F881C29DA86007368E6 /* FGPCoreDataManager.m */,
			);
			path = FirstGroup;
			sourceTree = "<group>";
		};
		C49DEDBC1C13489600EA57CC /* Supporting Files */ = {
			isa = PBXGroup;
			children = (
				C49DEDBD1C13489600EA57CC /* main.m */,
			);
			name = "Supporting Files";
			sourceTree = "<group>";
		};
		C49DEDD81C13489600EA57CC /* FirstGroupTests */ = {
			isa = PBXGroup;
			children = (
				C49DEDD91C13489600EA57CC /* FirstGroupTests.m */,
				C49DEDDB1C13489600EA57CC /* Info.plist */,
			);
			path = FirstGroupTests;
			sourceTree = "<group>";
		};
		C49DEDE31C13489600EA57CC /* FirstGroupUITests */ = {
			isa = PBXGroup;
			children = (
				C49DEDE41C13489600EA57CC /* FirstGroupUITests.m */,
				C49DEDE61C13489600EA57CC /* Info.plist */,
			);
			path = FirstGroupUITests;
			sourceTree = "<group>";
		};
		C4EB9F8A1C29DC3B007368E6 /* Models */ = {
			isa = PBXGroup;
			children = (
				C4EB9F8B1C29DC3B007368E6 /* FGPKnower.h */,
				C4EB9F8C1C29DC3B007368E6 /* FGPKnower.m */,
				C4EB9F8D1C29DC3B007368E6 /* FGPMovie.h */,
				C4EB9F8E1C29DC3B007368E6 /* FGPMovie.m */,
			);
			path = Models;
			sourceTree = "<group>";
		};
		C4EB9F8F1C29DC3B007368E6 /* ViewControllers */ = {
			isa = PBXGroup;
			children = (
				C4EB9F901C29DC3B007368E6 /* FGPFacebookViewController.h */,
				C4EB9F911C29DC3B007368E6 /* FGPFacebookViewController.m */,
				C4EB9F921C29DC3B007368E6 /* FGPFindWeatherViewController.h */,
				C4EB9F931C29DC3B007368E6 /* FGPFindWeatherViewController.m */,
				C4EB9F941C29DC3B007368E6 /* FGPMapViewController.h */,
				C4EB9F951C29DC3B007368E6 /* FGPMapViewController.m */,
				C4EB9F9E1C29DEBB007368E6 /* FGPCoreDataTableViewController.h */,
				C4EB9F9F1C29DEBB007368E6 /* FGPCoreDataTableViewController.m */,
			);
			path = ViewControllers;
			sourceTree = "<group>";
		};
/* End PBXGroup section */

/* Begin PBXNativeTarget section */
		C49DEDB81C13489600EA57CC /* FirstGroup */ = {
			isa = PBXNativeTarget;
			buildConfigurationList = C49DEDE91C13489600EA57CC /* Build configuration list for PBXNativeTarget "FirstGroup" */;
			buildPhases = (
				C49DEDB51C13489600EA57CC /* Sources */,
				C49DEDB61C13489600EA57CC /* Frameworks */,
				C49DEDB71C13489600EA57CC /* Resources */,
			);
			buildRules = (
			);
			dependencies = (
			);
			name = FirstGroup;
			productName = FirstGroup;
			productReference = C49DEDB91C13489600EA57CC /* FirstGroup.app */;
			productType = "com.apple.product-type.application";
		};
		C49DEDD41C13489600EA57CC /* FirstGroupTests */ = {
			isa = PBXNativeTarget;
			buildConfigurationList = C49DEDEC1C13489600EA57CC /* Build configuration list for PBXNativeTarget "FirstGroupTests" */;
			buildPhases = (
				C49DEDD11C13489600EA57CC /* Sources */,
				C49DEDD21C13489600EA57CC /* Frameworks */,
				C49DEDD31C13489600EA57CC /* Resources */,
			);
			buildRules = (
			);
			dependencies = (
				C49DEDD71C13489600EA57CC /* PBXTargetDependency */,
			);
			name = FirstGroupTests;
			productName = FirstGroupTests;
			productReference = C49DEDD51C13489600EA57CC /* FirstGroupTests.xctest */;
			productType = "com.apple.product-type.bundle.unit-test";
		};
		C49DEDDF1C13489600EA57CC /* FirstGroupUITests */ = {
			isa = PBXNativeTarget;
			buildConfigurationList = C49DEDEF1C13489600EA57CC /* Build configuration list for PBXNativeTarget "FirstGroupUITests" */;
			buildPhases = (
				C49DEDDC1C13489600EA57CC /* Sources */,
				C49DEDDD1C13489600EA57CC /* Frameworks */,
				C49DEDDE1C13489600EA57CC /* Resources */,
			);
			buildRules = (
			);
			dependencies = (
				C49DEDE21C13489600EA57CC /* PBXTargetDependency */,
			);
			name = FirstGroupUITests;
			productName = FirstGroupUITests;
			productReference = C49DEDE01C13489600EA57CC /* FirstGroupUITests.xctest */;
			productType = "com.apple.product-type.bundle.ui-testing";
		};
/* End PBXNativeTarget section */

/* Begin PBXProject section */
		C49DEDB11C13489600EA57CC /* Project object */ = {
			isa = PBXProject;
			attributes = {
				CLASSPREFIX = FGP;
				LastUpgradeCheck = 0710;
				ORGANIZATIONNAME = YevhenHerasymenko;
				TargetAttributes = {
					C49DEDB81C13489600EA57CC = {
						CreatedOnToolsVersion = 7.1.1;
					};
					C49DEDD41C13489600EA57CC = {
						CreatedOnToolsVersion = 7.1.1;
						TestTargetID = C49DEDB81C13489600EA57CC;
					};
					C49DEDDF1C13489600EA57CC = {
						CreatedOnToolsVersion = 7.1.1;
						TestTargetID = C49DEDB81C13489600EA57CC;
					};
				};
			};
			buildConfigurationList = C49DEDB41C13489600EA57CC /* Build configuration list for PBXProject "FirstGroup" */;
			compatibilityVersion = "Xcode 3.2";
			developmentRegion = English;
			hasScannedForEncodings = 0;
			knownRegions = (
				en,
				Base,
			);
			mainGroup = C49DEDB01C13489600EA57CC;
			productRefGroup = C49DEDBA1C13489600EA57CC /* Products */;
			projectDirPath = "";
			projectRoot = "";
			targets = (
				C49DEDB81C13489600EA57CC /* FirstGroup */,
				C49DEDD41C13489600EA57CC /* FirstGroupTests */,
				C49DEDDF1C13489600EA57CC /* FirstGroupUITests */,
			);
		};
/* End PBXProject section */

/* Begin PBXResourcesBuildPhase section */
		C49DEDB71C13489600EA57CC /* Resources */ = {
			isa = PBXResourcesBuildPhase;
			buildActionMask = 2147483647;
			files = (
				C49DEDCF1C13489600EA57CC /* LaunchScreen.storyboard in Resources */,
				C49DEDCC1C13489600EA57CC /* Assets.xcassets in Resources */,
				C49DEDC71C13489600EA57CC /* Main.storyboard in Resources */,
			);
			runOnlyForDeploymentPostprocessing = 0;
		};
		C49DEDD31C13489600EA57CC /* Resources */ = {
			isa = PBXResourcesBuildPhase;
			buildActionMask = 2147483647;
			files = (
			);
			runOnlyForDeploymentPostprocessing = 0;
		};
		C49DEDDE1C13489600EA57CC /* Resources */ = {
			isa = PBXResourcesBuildPhase;
			buildActionMask = 2147483647;
			files = (
			);
			runOnlyForDeploymentPostprocessing = 0;
		};
/* End PBXResourcesBuildPhase section */

/* Begin PBXSourcesBuildPhase section */
		C49DEDB51C13489600EA57CC /* Sources */ = {
			isa = PBXSourcesBuildPhase;
			buildActionMask = 2147483647;
			files = (
				C4EB9F981C29DC3B007368E6 /* FGPFacebookViewController.m in Sources */,
				C4EB9F891C29DA86007368E6 /* FGPCoreDataManager.m in Sources */,
				C49DEDC11C13489600EA57CC /* AppDelegate.m in Sources */,
				C4EB9F971C29DC3B007368E6 /* FGPMovie.m in Sources */,
				C4EB9F861C29DA63007368E6 /* FirstGroup.xcdatamodeld in Sources */,
				C4EB9FA51C29DF25007368E6 /* Person+CoreDataProperties.m in Sources */,
				C4EB9FA61C29DF25007368E6 /* Person.m in Sources */,
				C4EB9F9A1C29DC3B007368E6 /* FGPMapViewController.m in Sources */,
				C4EB9F961C29DC3B007368E6 /* FGPKnower.m in Sources */,
				C4EB9F991C29DC3B007368E6 /* FGPFindWeatherViewController.m in Sources */,
				C4EB9FA01C29DEBB007368E6 /* FGPCoreDataTableViewController.m in Sources */,
				C49DEDBE1C13489600EA57CC /* main.m in Sources */,
			);
			runOnlyForDeploymentPostprocessing = 0;
		};
		C49DEDD11C13489600EA57CC /* Sources */ = {
			isa = PBXSourcesBuildPhase;
			buildActionMask = 2147483647;
			files = (
				C49DEDDA1C13489600EA57CC /* FirstGroupTests.m in Sources */,
			);
			runOnlyForDeploymentPostprocessing = 0;
		};
		C49DEDDC1C13489600EA57CC /* Sources */ = {
			isa = PBXSourcesBuildPhase;
			buildActionMask = 2147483647;
			files = (
				C49DEDE51C13489600EA57CC /* FirstGroupUITests.m in Sources */,
			);
			runOnlyForDeploymentPostprocessing = 0;
		};
/* End PBXSourcesBuildPhase section */

/* Begin PBXTargetDependency section */
		C49DEDD71C13489600EA57CC /* PBXTargetDependency */ = {
			isa = PBXTargetDependency;
			target = C49DEDB81C13489600EA57CC /* FirstGroup */;
			targetProxy = C49DEDD61C13489600EA57CC /* PBXContainerItemProxy */;
		};
		C49DEDE21C13489600EA57CC /* PBXTargetDependency */ = {
			isa = PBXTargetDependency;
			target = C49DEDB81C13489600EA57CC /* FirstGroup */;
			targetProxy = C49DEDE11C13489600EA57CC /* PBXContainerItemProxy */;
		};
/* End PBXTargetDependency section */

/* Begin PBXVariantGroup section */
		C49DEDC51C13489600EA57CC /* Main.storyboard */ = {
			isa = PBXVariantGroup;
			children = (
				C49DEDC61C13489600EA57CC /* Base */,
			);
			name = Main.storyboard;
			sourceTree = "<group>";
		};
		C49DEDCD1C13489600EA57CC /* LaunchScreen.storyboard */ = {
			isa = PBXVariantGroup;
			children = (
				C49DEDCE1C13489600EA57CC /* Base */,
			);
			name = LaunchScreen.storyboard;
			sourceTree = "<group>";
		};
/* End PBXVariantGroup section */

/* Begin XCBuildConfiguration section */
		C49DEDE71C13489600EA57CC /* Debug */ = {
			isa = XCBuildConfiguration;
			buildSettings = {
				ALWAYS_SEARCH_USER_PATHS = NO;
				CLANG_CXX_LANGUAGE_STANDARD = "gnu++0x";
				CLANG_CXX_LIBRARY = "libc++";
				CLANG_ENABLE_MODULES = YES;
				CLANG_ENABLE_OBJC_ARC = YES;
				CLANG_WARN_BOOL_CONVERSION = YES;
				CLANG_WARN_CONSTANT_CONVERSION = YES;
				CLANG_WARN_DIRECT_OBJC_ISA_USAGE = YES_ERROR;
				CLANG_WARN_EMPTY_BODY = YES;
				CLANG_WARN_ENUM_CONVERSION = YES;
				CLANG_WARN_INT_CONVERSION = YES;
				CLANG_WARN_OBJC_ROOT_CLASS = YES_ERROR;
				CLANG_WARN_UNREACHABLE_CODE = YES;
				CLANG_WARN__DUPLICATE_METHOD_MATCH = YES;
				"CODE_SIGN_IDENTITY[sdk=iphoneos*]" = "iPhone Developer";
				COPY_PHASE_STRIP = NO;
				DEBUG_INFORMATION_FORMAT = dwarf;
				ENABLE_STRICT_OBJC_MSGSEND = YES;
				ENABLE_TESTABILITY = YES;
				GCC_C_LANGUAGE_STANDARD = gnu99;
				GCC_DYNAMIC_NO_PIC = NO;
				GCC_NO_COMMON_BLOCKS = YES;
				GCC_OPTIMIZATION_LEVEL = 0;
				GCC_PREPROCESSOR_DEFINITIONS = (
					"DEBUG=1",
					"$(inherited)",
				);
				GCC_WARN_64_TO_32_BIT_CONVERSION = YES;
				GCC_WARN_ABOUT_RETURN_TYPE = YES_ERROR;
				GCC_WARN_UNDECLARED_SELECTOR = YES;
				GCC_WARN_UNINITIALIZED_AUTOS = YES_AGGRESSIVE;
				GCC_WARN_UNUSED_FUNCTION = YES;
				GCC_WARN_UNUSED_VARIABLE = YES;
				IPHONEOS_DEPLOYMENT_TARGET = 9.1;
				MTL_ENABLE_DEBUG_INFO = YES;
				ONLY_ACTIVE_ARCH = YES;
				SDKROOT = iphoneos;
				TARGETED_DEVICE_FAMILY = "1,2";
			};
			name = Debug;
		};
		C49DEDE81C13489600EA57CC /* Release */ = {
			isa = XCBuildConfiguration;
			buildSettings = {
				ALWAYS_SEARCH_USER_PATHS = NO;
				CLANG_CXX_LANGUAGE_STANDARD = "gnu++0x";
				CLANG_CXX_LIBRARY = "libc++";
				CLANG_ENABLE_MODULES = YES;
				CLANG_ENABLE_OBJC_ARC = YES;
				CLANG_WARN_BOOL_CONVERSION = YES;
				CLANG_WARN_CONSTANT_CONVERSION = YES;
				CLANG_WARN_DIRECT_OBJC_ISA_USAGE = YES_ERROR;
				CLANG_WARN_EMPTY_BODY = YES;
				CLANG_WARN_ENUM_CONVERSION = YES;
				CLANG_WARN_INT_CONVERSION = YES;
				CLANG_WARN_OBJC_ROOT_CLASS = YES_ERROR;
				CLANG_WARN_UNREACHABLE_CODE = YES;
				CLANG_WARN__DUPLICATE_METHOD_MATCH = YES;
				"CODE_SIGN_IDENTITY[sdk=iphoneos*]" = "iPhone Developer";
				COPY_PHASE_STRIP = NO;
				DEBUG_INFORMATION_FORMAT = "dwarf-with-dsym";
				ENABLE_NS_ASSERTIONS = NO;
				ENABLE_STRICT_OBJC_MSGSEND = YES;
				GCC_C_LANGUAGE_STANDARD = gnu99;
				GCC_NO_COMMON_BLOCKS = YES;
				GCC_WARN_64_TO_32_BIT_CONVERSION = YES;
				GCC_WARN_ABOUT_RETURN_TYPE = YES_ERROR;
				GCC_WARN_UNDECLARED_SELECTOR = YES;
				GCC_WARN_UNINITIALIZED_AUTOS = YES_AGGRESSIVE;
				GCC_WARN_UNUSED_FUNCTION = YES;
				GCC_WARN_UNUSED_VARIABLE = YES;
				IPHONEOS_DEPLOYMENT_TARGET = 9.1;
				MTL_ENABLE_DEBUG_INFO = NO;
				SDKROOT = iphoneos;
				TARGETED_DEVICE_FAMILY = "1,2";
				VALIDATE_PRODUCT = YES;
			};
			name = Release;
		};
		C49DEDEA1C13489600EA57CC /* Debug */ = {
			isa = XCBuildConfiguration;
			buildSettings = {
				ASSETCATALOG_COMPILER_APPICON_NAME = AppIcon;
				FRAMEWORK_SEARCH_PATHS = (
					"$(inherited)",
					"$(PROJECT_DIR)/FirstGroup/Frameworks",
				);
				INFOPLIST_FILE = FirstGroup/Info.plist;
				LD_RUNPATH_SEARCH_PATHS = "$(inherited) @executable_path/Frameworks";
				PRODUCT_BUNDLE_IDENTIFIER = com.YevhenHerasymenko.FirstGroup;
				PRODUCT_NAME = "$(TARGET_NAME)";
			};
			name = Debug;
		};
		C49DEDEB1C13489600EA57CC /* Release */ = {
			isa = XCBuildConfiguration;
			buildSettings = {
				ASSETCATALOG_COMPILER_APPICON_NAME = AppIcon;
				FRAMEWORK_SEARCH_PATHS = (
					"$(inherited)",
					"$(PROJECT_DIR)/FirstGroup/Frameworks",
				);
				INFOPLIST_FILE = FirstGroup/Info.plist;
				LD_RUNPATH_SEARCH_PATHS = "$(inherited) @executable_path/Frameworks";
				PRODUCT_BUNDLE_IDENTIFIER = com.YevhenHerasymenko.FirstGroup;
				PRODUCT_NAME = "$(TARGET_NAME)";
			};
			name = Release;
		};
		C49DEDED1C13489600EA57CC /* Debug */ = {
			isa = XCBuildConfiguration;
			buildSettings = {
				BUNDLE_LOADER = "$(TEST_HOST)";
				INFOPLIST_FILE = FirstGroupTests/Info.plist;
				LD_RUNPATH_SEARCH_PATHS = "$(inherited) @executable_path/Frameworks @loader_path/Frameworks";
				PRODUCT_BUNDLE_IDENTIFIER = com.YevhenHerasymenko.FirstGroupTests;
				PRODUCT_NAME = "$(TARGET_NAME)";
				TEST_HOST = "$(BUILT_PRODUCTS_DIR)/FirstGroup.app/FirstGroup";
			};
			name = Debug;
		};
		C49DEDEE1C13489600EA57CC /* Release */ = {
			isa = XCBuildConfiguration;
			buildSettings = {
				BUNDLE_LOADER = "$(TEST_HOST)";
				INFOPLIST_FILE = FirstGroupTests/Info.plist;
				LD_RUNPATH_SEARCH_PATHS = "$(inherited) @executable_path/Frameworks @loader_path/Frameworks";
				PRODUCT_BUNDLE_IDENTIFIER = com.YevhenHerasymenko.FirstGroupTests;
				PRODUCT_NAME = "$(TARGET_NAME)";
				TEST_HOST = "$(BUILT_PRODUCTS_DIR)/FirstGroup.app/FirstGroup";
			};
			name = Release;
		};
		C49DEDF01C13489600EA57CC /* Debug */ = {
			isa = XCBuildConfiguration;
			buildSettings = {
				INFOPLIST_FILE = FirstGroupUITests/Info.plist;
				LD_RUNPATH_SEARCH_PATHS = "$(inherited) @executable_path/Frameworks @loader_path/Frameworks";
				PRODUCT_BUNDLE_IDENTIFIER = com.YevhenHerasymenko.FirstGroupUITests;
				PRODUCT_NAME = "$(TARGET_NAME)";
				TEST_TARGET_NAME = FirstGroup;
				USES_XCTRUNNER = YES;
			};
			name = Debug;
		};
		C49DEDF11C13489600EA57CC /* Release */ = {
			isa = XCBuildConfiguration;
			buildSettings = {
				INFOPLIST_FILE = FirstGroupUITests/Info.plist;
				LD_RUNPATH_SEARCH_PATHS = "$(inherited) @executable_path/Frameworks @loader_path/Frameworks";
				PRODUCT_BUNDLE_IDENTIFIER = com.YevhenHerasymenko.FirstGroupUITests;
				PRODUCT_NAME = "$(TARGET_NAME)";
				TEST_TARGET_NAME = FirstGroup;
				USES_XCTRUNNER = YES;
			};
			name = Release;
		};
/* End XCBuildConfiguration section */

/* Begin XCConfigurationList section */
		C49DEDB41C13489600EA57CC /* Build configuration list for PBXProject "FirstGroup" */ = {
			isa = XCConfigurationList;
			buildConfigurations = (
				C49DEDE71C13489600EA57CC /* Debug */,
				C49DEDE81C13489600EA57CC /* Release */,
			);
			defaultConfigurationIsVisible = 0;
			defaultConfigurationName = Release;
		};
		C49DEDE91C13489600EA57CC /* Build configuration list for PBXNativeTarget "FirstGroup" */ = {
			isa = XCConfigurationList;
			buildConfigurations = (
				C49DEDEA1C13489600EA57CC /* Debug */,
				C49DEDEB1C13489600EA57CC /* Release */,
			);
			defaultConfigurationIsVisible = 0;
			defaultConfigurationName = Release;
		};
		C49DEDEC1C13489600EA57CC /* Build configuration list for PBXNativeTarget "FirstGroupTests" */ = {
			isa = XCConfigurationList;
			buildConfigurations = (
				C49DEDED1C13489600EA57CC /* Debug */,
				C49DEDEE1C13489600EA57CC /* Release */,
			);
			defaultConfigurationIsVisible = 0;
			defaultConfigurationName = Release;
		};
		C49DEDEF1C13489600EA57CC /* Build configuration list for PBXNativeTarget "FirstGroupUITests" */ = {
			isa = XCConfigurationList;
			buildConfigurations = (
				C49DEDF01C13489600EA57CC /* Debug */,
				C49DEDF11C13489600EA57CC /* Release */,
			);
			defaultConfigurationIsVisible = 0;
			defaultConfigurationName = Release;
		};
/* End XCConfigurationList section */

/* Begin XCVersionGroup section */
		C4EB9F841C29DA63007368E6 /* FirstGroup.xcdatamodeld */ = {
			isa = XCVersionGroup;
			children = (
				C4EB9F851C29DA63007368E6 /* FirstGroup.xcdatamodel */,
			);
			currentVersion = C4EB9F851C29DA63007368E6 /* FirstGroup.xcdatamodel */;
			path = FirstGroup.xcdatamodeld;
			sourceTree = "<group>";
			versionGroupType = wrapper.xcdatamodel;
		};
/* End XCVersionGroup section */
	};
	rootObject = C49DEDB11C13489600EA57CC /* Project object */;
}
